
Microsoft Visual Studio Solution File, Format Version 12.00
# Visual Studio Version 16
VisualStudioVersion = 16.0.29709.97
MinimumVisualStudioVersion = 10.0.40219.1
Project("{9A19103F-16F7-4668-BE54-9A1E7A4F7556}") = "TP-Seminario", "TP-Seminario\TP-Seminario.csproj", "{4DBB6127-A612-412A-B2FC-BE6FD0F703BE}"
EndProject
Global
	GlobalSection(SolutionConfigurationPlatforms) = preSolution
		Debug|Any CPU = Debug|Any CPU
		Release|Any CPU = Release|Any CPU
	EndGlobalSection
	GlobalSection(ProjectConfigurationPlatforms) = postSolution
		{4DBB6127-A612-412A-B2FC-BE6FD0F703BE}.Debug|Any CPU.ActiveCfg = Debug|Any CPU
		{4DBB6127-A612-412A-B2FC-BE6FD0F703BE}.Debug|Any CPU.Build.0 = Debug|Any CPU
		{4DBB6127-A612-412A-B2FC-BE6FD0F703BE}.Release|Any CPU.ActiveCfg = Release|Any CPU
		{4DBB6127-A612-412A-B2FC-BE6FD0F703BE}.Release|Any CPU.Build.0 = Release|Any CPU
	EndGlobalSection
	GlobalSection(SolutionProperties) = preSolution
		HideSolutionNode = FALSE
	EndGlobalSection
	GlobalSection(ExtensibilityGlobals) = postSolution
		SolutionGuid = {A86C14A7-8FCB-4D82-B4CC-C243A60D28A6}
	EndGlobalSection
EndGlobal
